
Microsoft Visual Studio Solution File, Format Version 12.00
# Visual Studio Version 17
VisualStudioVersion = 17.10.35122.118
MinimumVisualStudioVersion = 10.0.40219.1
Project("{2150E333-8FDC-42A3-9474-1A3956D46DE8}") = "Solution Items", "Solution Items", "{2A783EC6-A5EA-4457-8447-CC55E045DD11}"
	ProjectSection(SolutionItems) = preProject
		.gitignore = .gitignore
		ContentServiceTemplate.manifest = ContentServiceTemplate.manifest
		README.md = README.md
	EndProjectSection
EndProject
Project("{2150E333-8FDC-42A3-9474-1A3956D46DE8}") = "Root", "Root", "{B864C64F-AB7C-49C3-A403-DDE2D96D6ED3}"
EndProject
Project("{2150E333-8FDC-42A3-9474-1A3956D46DE8}") = "TemplateContent", "TemplateContent", "{FE17EE9B-9567-430E-8317-6B411D781F78}"
	ProjectSection(SolutionItems) = preProject
		Root\TemplateContent\ContentAdmin.md = Root\TemplateContent\ContentAdmin.md
		Root\TemplateContent\ContentAnonymous.md = Root\TemplateContent\ContentAnonymous.md
		Root\TemplateContent\ContentNeuroAccess.md = Root\TemplateContent\ContentNeuroAccess.md
		Root\TemplateContent\Index.md = Root\TemplateContent\Index.md
		Root\TemplateContent\Invitation.md = Root\TemplateContent\Invitation.md
		Root\TemplateContent\Login.js = Root\TemplateContent\Login.js
		Root\TemplateContent\Login.md = Root\TemplateContent\Login.md
		Root\TemplateContent\LogOut.md = Root\TemplateContent\LogOut.md
		Root\TemplateContent\Master.md = Root\TemplateContent\Master.md
		Root\TemplateContent\TemplateStyles.cssx = Root\TemplateContent\TemplateStyles.cssx
	EndProjectSection
EndProject
Global
	GlobalSection(SolutionProperties) = preSolution
		HideSolutionNode = FALSE
	EndGlobalSection
	GlobalSection(NestedProjects) = preSolution
		{FE17EE9B-9567-430E-8317-6B411D781F78} = {B864C64F-AB7C-49C3-A403-DDE2D96D6ED3}
	EndGlobalSection
	GlobalSection(ExtensibilityGlobals) = postSolution
		SolutionGuid = {85931438-0417-4678-8D74-283B5E895901}
	EndGlobalSection
EndGlobal
