
Microsoft Visual Studio Solution File, Format Version 12.00
# Visual Studio Version 17
VisualStudioVersion = 17.10.35122.118
MinimumVisualStudioVersion = 10.0.40219.1
Project("{2150E333-8FDC-42A3-9474-1A3956D46DE8}") = "Solution Items", "Solution Items", "{2A783EC6-A5EA-4457-8447-CC55E045DD11}"
	ProjectSection(SolutionItems) = preProject
		.gitignore = .gitignore
		LICENSE.md = LICENSE.md
		neuro-foundation.io.manifest = neuro-foundation.io.manifest
		README.md = README.md
	EndProjectSection
EndProject
Project("{2150E333-8FDC-42A3-9474-1A3956D46DE8}") = "Root", "Root", "{B864C64F-AB7C-49C3-A403-DDE2D96D6ED3}"
EndProject
Project("{2150E333-8FDC-42A3-9474-1A3956D46DE8}") = "neuro-foundation.io", "neuro-foundation.io", "{FE17EE9B-9567-430E-8317-6B411D781F78}"
	ProjectSection(SolutionItems) = preProject
		Root\neuro-foundation.io\Authentication.md = Root\neuro-foundation.io\Authentication.md
		Root\neuro-foundation.io\Authorization.md = Root\neuro-foundation.io\Authorization.md
		Root\neuro-foundation.io\Binding.md = Root\neuro-foundation.io\Binding.md
		Root\neuro-foundation.io\ClockSynchronization.md = Root\neuro-foundation.io\ClockSynchronization.md
		Root\neuro-foundation.io\CommunicationModel.md = Root\neuro-foundation.io\CommunicationModel.md
		Root\neuro-foundation.io\Concentrator.md = Root\neuro-foundation.io\Concentrator.md
		Root\neuro-foundation.io\ConceptualModel.md = Root\neuro-foundation.io\ConceptualModel.md
		Root\neuro-foundation.io\ControlDataForm.md = Root\neuro-foundation.io\ControlDataForm.md
		Root\neuro-foundation.io\ControlParameters.md = Root\neuro-foundation.io\ControlParameters.md
		Root\neuro-foundation.io\ControlSimpleActions.md = Root\neuro-foundation.io\ControlSimpleActions.md
		Root\neuro-foundation.io\Copyright.md = Root\neuro-foundation.io\Copyright.md
		Root\neuro-foundation.io\DecisionSupport.md = Root\neuro-foundation.io\DecisionSupport.md
		Root\neuro-foundation.io\Discovery.md = Root\neuro-foundation.io\Discovery.md
		Root\neuro-foundation.io\E2E.md = Root\neuro-foundation.io\E2E.md
		Root\neuro-foundation.io\Federation.md = Root\neuro-foundation.io\Federation.md
		Root\neuro-foundation.io\Geo.md = Root\neuro-foundation.io\Geo.md
		Root\neuro-foundation.io\Identities.md = Root\neuro-foundation.io\Identities.md
		Root\neuro-foundation.io\ImplementationGuide.md = Root\neuro-foundation.io\ImplementationGuide.md
		Root\neuro-foundation.io\Implementations.md = Root\neuro-foundation.io\Implementations.md
		Root\neuro-foundation.io\Index.md = Root\neuro-foundation.io\Index.md
		Root\neuro-foundation.io\LegalIdentities.md = Root\neuro-foundation.io\LegalIdentities.md
		Root\neuro-foundation.io\Master.md = Root\neuro-foundation.io\Master.md
		Root\neuro-foundation.io\NeuroFoundationStyles.cssx = Root\neuro-foundation.io\NeuroFoundationStyles.cssx
		Root\neuro-foundation.io\OperationalModel.md = Root\neuro-foundation.io\OperationalModel.md
		Root\neuro-foundation.io\Overview.md = Root\neuro-foundation.io\Overview.md
		Root\neuro-foundation.io\P2P.md = Root\neuro-foundation.io\P2P.md
		Root\neuro-foundation.io\Provisioning.md = Root\neuro-foundation.io\Provisioning.md
		Root\neuro-foundation.io\SensorData.md = Root\neuro-foundation.io\SensorData.md
		Root\neuro-foundation.io\SensorDataEventSubscription.md = Root\neuro-foundation.io\SensorDataEventSubscription.md
		Root\neuro-foundation.io\SensorDataPublishSubscribe.md = Root\neuro-foundation.io\SensorDataPublishSubscribe.md
		Root\neuro-foundation.io\SensorDataRequestResponse.md = Root\neuro-foundation.io\SensorDataRequestResponse.md
		Root\neuro-foundation.io\SmartContracts.md = Root\neuro-foundation.io\SmartContracts.md
		Root\neuro-foundation.io\SoftwareUpdates.md = Root\neuro-foundation.io\SoftwareUpdates.md
		Root\neuro-foundation.io\Tokens.md = Root\neuro-foundation.io\Tokens.md
		Root\neuro-foundation.io\TransportEncryption.md = Root\neuro-foundation.io\TransportEncryption.md
		Root\neuro-foundation.io\Units.md = Root\neuro-foundation.io\Units.md
	EndProjectSection
EndProject
Project("{2150E333-8FDC-42A3-9474-1A3956D46DE8}") = "Schemas", "Schemas", "{13CDB96E-BF6F-429A-AF5C-3ED20C23D256}"
	ProjectSection(SolutionItems) = preProject
		Root\neuro-foundation.io\Schemas\Concentrator.xsd = Root\neuro-foundation.io\Schemas\Concentrator.xsd
		Root\neuro-foundation.io\Schemas\Control.xsd = Root\neuro-foundation.io\Schemas\Control.xsd
		Root\neuro-foundation.io\Schemas\Discovery.xsd = Root\neuro-foundation.io\Schemas\Discovery.xsd
		Root\neuro-foundation.io\Schemas\E2E.xsd = Root\neuro-foundation.io\Schemas\E2E.xsd
		Root\neuro-foundation.io\Schemas\EventSubscription.xsd = Root\neuro-foundation.io\Schemas\EventSubscription.xsd
		Root\neuro-foundation.io\Schemas\Geo.xsd = Root\neuro-foundation.io\Schemas\Geo.xsd
		Root\neuro-foundation.io\Schemas\LegalIdentities.xsd = Root\neuro-foundation.io\Schemas\LegalIdentities.xsd
		Root\neuro-foundation.io\Schemas\P2P.xsd = Root\neuro-foundation.io\Schemas\P2P.xsd
		Root\neuro-foundation.io\Schemas\ProvisioningDevice.xsd = Root\neuro-foundation.io\Schemas\ProvisioningDevice.xsd
		Root\neuro-foundation.io\Schemas\ProvisioningOwner.xsd = Root\neuro-foundation.io\Schemas\ProvisioningOwner.xsd
		Root\neuro-foundation.io\Schemas\ProvisioningTokens.xsd = Root\neuro-foundation.io\Schemas\ProvisioningTokens.xsd
		Root\neuro-foundation.io\Schemas\SensorData.xsd = Root\neuro-foundation.io\Schemas\SensorData.xsd
		Root\neuro-foundation.io\Schemas\SmartContracts.xsd = Root\neuro-foundation.io\Schemas\SmartContracts.xsd
		Root\neuro-foundation.io\Schemas\SoftwareUpdates.xsd = Root\neuro-foundation.io\Schemas\SoftwareUpdates.xsd
		Root\neuro-foundation.io\Schemas\Synchronization.xsd = Root\neuro-foundation.io\Schemas\Synchronization.xsd
		Root\neuro-foundation.io\Schemas\Units.xsd = Root\neuro-foundation.io\Schemas\Units.xsd
	EndProjectSection
EndProject
Project("{2150E333-8FDC-42A3-9474-1A3956D46DE8}") = "Examples", "Examples", "{E9287ECC-30EC-4819-AAAE-F28FC7E8FC56}"
	ProjectSection(SolutionItems) = preProject
		Root\neuro-foundation.io\Examples\ControlParametersDataForm.xml = Root\neuro-foundation.io\Examples\ControlParametersDataForm.xml
		Root\neuro-foundation.io\Examples\ControlParametersSimple.xml = Root\neuro-foundation.io\Examples\ControlParametersSimple.xml
		Root\neuro-foundation.io\Examples\LegalIdentity.xml = Root\neuro-foundation.io\Examples\LegalIdentity.xml
		Root\neuro-foundation.io\Examples\SensorData1.xml = Root\neuro-foundation.io\Examples\SensorData1.xml
		Root\neuro-foundation.io\Examples\SimpleSensorDataRequest.xml = Root\neuro-foundation.io\Examples\SimpleSensorDataRequest.xml
		Root\neuro-foundation.io\Examples\SimpleSensorDataResponse.xml = Root\neuro-foundation.io\Examples\SimpleSensorDataResponse.xml
		Root\neuro-foundation.io\Examples\TlsSecurity.xml = Root\neuro-foundation.io\Examples\TlsSecurity.xml
	EndProjectSection
EndProject
Project("{2150E333-8FDC-42A3-9474-1A3956D46DE8}") = "Papers", "Papers", "{43CF2F8E-28F8-4261-837D-B8483F70AABA}"
	ProjectSection(SolutionItems) = preProject
		Root\neuro-foundation.io\Papers\Biotic - Executive Summary.pdf = Root\neuro-foundation.io\Papers\Biotic - Executive Summary.pdf
		Root\neuro-foundation.io\Papers\Federated Clock Synchronization in IIoT.pdf = Root\neuro-foundation.io\Papers\Federated Clock Synchronization in IIoT.pdf
		Root\neuro-foundation.io\Papers\Identity Architecture for Smart Societies.pdf = Root\neuro-foundation.io\Papers\Identity Architecture for Smart Societies.pdf
		Root\neuro-foundation.io\Papers\Interoperability of Medical Records on the Neuro-Ledger.pdf = Root\neuro-foundation.io\Papers\Interoperability of Medical Records on the Neuro-Ledger.pdf
		Root\neuro-foundation.io\Papers\IoT Harmonization using XMPP.pdf = Root\neuro-foundation.io\Papers\IoT Harmonization using XMPP.pdf
		Root\neuro-foundation.io\Papers\Neuro-Features, Executive Summary.pdf = Root\neuro-foundation.io\Papers\Neuro-Features, Executive Summary.pdf
		Root\neuro-foundation.io\Papers\Neuro-Ledger and Sustainability.pdf = Root\neuro-foundation.io\Papers\Neuro-Ledger and Sustainability.pdf
		Root\neuro-foundation.io\Papers\Neuro-Ledger, Executive Summary.pdf = Root\neuro-foundation.io\Papers\Neuro-Ledger, Executive Summary.pdf
		Root\neuro-foundation.io\Papers\Neuro-Payment architecture.pdf = Root\neuro-foundation.io\Papers\Neuro-Payment architecture.pdf
		Root\neuro-foundation.io\Papers\Notarius Electronicus.pdf = Root\neuro-foundation.io\Papers\Notarius Electronicus.pdf
		Root\neuro-foundation.io\Papers\Open Threat Intelligence using Neuro-Ledger.pdf = Root\neuro-foundation.io\Papers\Open Threat Intelligence using Neuro-Ledger.pdf
		Root\neuro-foundation.io\Papers\Smart Agriculture, Executive Summary.pdf = Root\neuro-foundation.io\Papers\Smart Agriculture, Executive Summary.pdf
		Root\neuro-foundation.io\Papers\Tokenization of sustainable real estate in Smart Cities.pdf = Root\neuro-foundation.io\Papers\Tokenization of sustainable real estate in Smart Cities.pdf
	EndProjectSection
EndProject
Project("{2150E333-8FDC-42A3-9474-1A3956D46DE8}") = "Partners", "Partners", "{30F50243-AA2D-4032-A70A-8A9D07858FA7}"
EndProject
Project("{2150E333-8FDC-42A3-9474-1A3956D46DE8}") = "TAG", "TAG", "{36BA5660-93E2-4402-BD1A-6EAF2F70D48E}"
	ProjectSection(SolutionItems) = preProject
		Root\neuro-foundation.io\Partners\TAG\Introduction.md = Root\neuro-foundation.io\Partners\TAG\Introduction.md
		Root\neuro-foundation.io\Partners\TAG\TAG Technologies.pdf = Root\neuro-foundation.io\Partners\TAG\TAG Technologies.pdf
	EndProjectSection
EndProject
Project("{2150E333-8FDC-42A3-9474-1A3956D46DE8}") = "LynxNode", "LynxNode", "{33F5CC95-9E18-4EA0-8DE9-6B5268E69D58}"
	ProjectSection(SolutionItems) = preProject
		Root\neuro-foundation.io\Partners\LynxNode\Introduction.md = Root\neuro-foundation.io\Partners\LynxNode\Introduction.md
	EndProjectSection
EndProject
Project("{2150E333-8FDC-42A3-9474-1A3956D46DE8}") = "Definitions", "Definitions", "{02EA681E-C7D8-13C7-8484-4AC65E1B71E8}"
	ProjectSection(SolutionItems) = preProject
		Root\neuro-foundation.io\Definitions\Units.xml = Root\neuro-foundation.io\Definitions\Units.xml
	EndProjectSection
EndProject
Global
	GlobalSection(SolutionProperties) = preSolution
		HideSolutionNode = FALSE
	EndGlobalSection
	GlobalSection(NestedProjects) = preSolution
		{FE17EE9B-9567-430E-8317-6B411D781F78} = {B864C64F-AB7C-49C3-A403-DDE2D96D6ED3}
		{13CDB96E-BF6F-429A-AF5C-3ED20C23D256} = {FE17EE9B-9567-430E-8317-6B411D781F78}
		{E9287ECC-30EC-4819-AAAE-F28FC7E8FC56} = {FE17EE9B-9567-430E-8317-6B411D781F78}
		{43CF2F8E-28F8-4261-837D-B8483F70AABA} = {FE17EE9B-9567-430E-8317-6B411D781F78}
		{30F50243-AA2D-4032-A70A-8A9D07858FA7} = {FE17EE9B-9567-430E-8317-6B411D781F78}
		{36BA5660-93E2-4402-BD1A-6EAF2F70D48E} = {30F50243-AA2D-4032-A70A-8A9D07858FA7}
		{33F5CC95-9E18-4EA0-8DE9-6B5268E69D58} = {30F50243-AA2D-4032-A70A-8A9D07858FA7}
		{02EA681E-C7D8-13C7-8484-4AC65E1B71E8} = {FE17EE9B-9567-430E-8317-6B411D781F78}
	EndGlobalSection
	GlobalSection(ExtensibilityGlobals) = postSolution
		SolutionGuid = {85931438-0417-4678-8D74-283B5E895901}
	EndGlobalSection
EndGlobal
